
Microsoft Visual Studio Solution File, Format Version 12.00
# Visual Studio Version 16
VisualStudioVersion = 16.0.32413.511
MinimumVisualStudioVersion = 10.0.40219.1
Project("{FAE04EC0-301F-11D3-BF4B-00C04F79EFBC}") = "Homework", "Homework\Homework.csproj", "{C130274D-7702-4648-85F8-D0D557334ACB}"
EndProject
Global
	GlobalSection(SolutionConfigurationPlatforms) = preSolution
		Debug|Any CPU = Debug|Any CPU
		Release|Any CPU = Release|Any CPU
	EndGlobalSection
	GlobalSection(ProjectConfigurationPlatforms) = postSolution
		{C130274D-7702-4648-85F8-D0D557334ACB}.Debug|Any CPU.ActiveCfg = Debug|Any CPU
		{C130274D-7702-4648-85F8-D0D557334ACB}.Debug|Any CPU.Build.0 = Debug|Any CPU
		{C130274D-7702-4648-85F8-D0D557334ACB}.Release|Any CPU.ActiveCfg = Release|Any CPU
		{C130274D-7702-4648-85F8-D0D557334ACB}.Release|Any CPU.Build.0 = Release|Any CPU
	EndGlobalSection
	GlobalSection(SolutionProperties) = preSolution
		HideSolutionNode = FALSE
	EndGlobalSection
	GlobalSection(ExtensibilityGlobals) = postSolution
		SolutionGuid = {CE3346B1-617A-46CF-AFE8-0DE7AE9C89FC}
	EndGlobalSection
EndGlobal
